// !$*UTF8*$!
{
	archiveVersion = 1;
	classes = {
	};
	objectVersion = 55;
	objects = {

/* Begin PBXBuildFile section */
		2F2A6613274228C2D1E6DC56 /* Pods_App_Intern_basic.framework in Frameworks */ = {isa = PBXBuildFile; fileRef = E376F86C8872926D31FCDB94 /* Pods_App_Intern_basic.framework */; };
		DB02048E284DA41400834240 /* AppDelegate.swift in Sources */ = {isa = PBXBuildFile; fileRef = DB02048D284DA41400834240 /* AppDelegate.swift */; };
		DB020490284DA41400834240 /* SceneDelegate.swift in Sources */ = {isa = PBXBuildFile; fileRef = DB02048F284DA41400834240 /* SceneDelegate.swift */; };
		DB020492284DA41400834240 /* IntroViewController.swift in Sources */ = {isa = PBXBuildFile; fileRef = DB020491284DA41400834240 /* IntroViewController.swift */; };
		DB020495284DA41400834240 /* Main.storyboard in Resources */ = {isa = PBXBuildFile; fileRef = DB020493284DA41400834240 /* Main.storyboard */; };
		DB020497284DA41600834240 /* Assets.xcassets in Resources */ = {isa = PBXBuildFile; fileRef = DB020496284DA41600834240 /* Assets.xcassets */; };
		DB02049A284DA41600834240 /* LaunchScreen.storyboard in Resources */ = {isa = PBXBuildFile; fileRef = DB020498284DA41600834240 /* LaunchScreen.storyboard */; };
		DB0204A4284DA5F200834240 /* IntroCell.swift in Sources */ = {isa = PBXBuildFile; fileRef = DB0204A2284DA5F200834240 /* IntroCell.swift */; };
		DB0204A5284DA5F200834240 /* IntroCell.xib in Resources */ = {isa = PBXBuildFile; fileRef = DB0204A3284DA5F200834240 /* IntroCell.xib */; };
		DB0204C7284DEF4C00834240 /* Constants.swift in Sources */ = {isa = PBXBuildFile; fileRef = DB0204C6284DEF4C00834240 /* Constants.swift */; };
		DB0204CA2851948E00834240 /* PhoneViewController.swift in Sources */ = {isa = PBXBuildFile; fileRef = DB0204C92851948E00834240 /* PhoneViewController.swift */; };
		DB0204CC2858EBD300834240 /* OtpViewController.swift in Sources */ = {isa = PBXBuildFile; fileRef = DB0204CB2858EBD300834240 /* OtpViewController.swift */; };
		DB1A3FB6285F927B0088E25C /* CustomTextField.swift in Sources */ = {isa = PBXBuildFile; fileRef = DB1A3FB5285F927B0088E25C /* CustomTextField.swift */; };
		DB1A3FB8286307DA0088E25C /* HomeViewController.swift in Sources */ = {isa = PBXBuildFile; fileRef = DB1A3FB7286307DA0088E25C /* HomeViewController.swift */; };
		DB1A3FC52865B9470088E25C /* NewsTableViewCell.swift in Sources */ = {isa = PBXBuildFile; fileRef = DB1A3FC32865B9470088E25C /* NewsTableViewCell.swift */; };
		DB1A3FC62865B9470088E25C /* NewsTableViewCell.xib in Resources */ = {isa = PBXBuildFile; fileRef = DB1A3FC42865B9470088E25C /* NewsTableViewCell.xib */; };
		DB1A3FC92865B9580088E25C /* DoctorTableViewCell.swift in Sources */ = {isa = PBXBuildFile; fileRef = DB1A3FC72865B9580088E25C /* DoctorTableViewCell.swift */; };
		DB1A3FCA2865B9580088E25C /* DoctorTableViewCell.xib in Resources */ = {isa = PBXBuildFile; fileRef = DB1A3FC82865B9580088E25C /* DoctorTableViewCell.xib */; };
		DB3FCAAF2866AB190095511B /* DoctorCollectionViewCell.swift in Sources */ = {isa = PBXBuildFile; fileRef = DB3FCAAD2866AB190095511B /* DoctorCollectionViewCell.swift */; };
		DB3FCAB02866AB190095511B /* DoctorCollectionViewCell.xib in Resources */ = {isa = PBXBuildFile; fileRef = DB3FCAAE2866AB190095511B /* DoctorCollectionViewCell.xib */; };
		DB3FCAB32866AB2D0095511B /* NewsCollectionViewCell.swift in Sources */ = {isa = PBXBuildFile; fileRef = DB3FCAB12866AB2D0095511B /* NewsCollectionViewCell.swift */; };
		DB3FCAB42866AB2D0095511B /* NewsCollectionViewCell.xib in Resources */ = {isa = PBXBuildFile; fileRef = DB3FCAB22866AB2D0095511B /* NewsCollectionViewCell.xib */; };
		DB535B0E285AE5B000452CE2 /* NunitoSans-LightItalic.ttf in Resources */ = {isa = PBXBuildFile; fileRef = DB535AF1285AE5B000452CE2 /* NunitoSans-LightItalic.ttf */; };
		DB535B0F285AE5B000452CE2 /* NunitoSans-BoldItalic.ttf in Resources */ = {isa = PBXBuildFile; fileRef = DB535AF2285AE5B000452CE2 /* NunitoSans-BoldItalic.ttf */; };
		DB535B10285AE5B000452CE2 /* NunitoSans-ExtraLight.ttf in Resources */ = {isa = PBXBuildFile; fileRef = DB535AF3285AE5B000452CE2 /* NunitoSans-ExtraLight.ttf */; };
		DB535B11285AE5B000452CE2 /* NunitoSans-Light.ttf in Resources */ = {isa = PBXBuildFile; fileRef = DB535AF4285AE5B000452CE2 /* NunitoSans-Light.ttf */; };
		DB535B12285AE5B000452CE2 /* NunitoSans-BlackItalic.ttf in Resources */ = {isa = PBXBuildFile; fileRef = DB535AF5285AE5B000452CE2 /* NunitoSans-BlackItalic.ttf */; };
		DB535B13285AE5B000452CE2 /* NunitoSans-ExtraBold.ttf in Resources */ = {isa = PBXBuildFile; fileRef = DB535AF6285AE5B000452CE2 /* NunitoSans-ExtraBold.ttf */; };
		DB535B14285AE5B000452CE2 /* NunitoSans-Regular.ttf in Resources */ = {isa = PBXBuildFile; fileRef = DB535AF7285AE5B000452CE2 /* NunitoSans-Regular.ttf */; };
		DB535B15285AE5B000452CE2 /* NunitoSans-SemiBoldItalic.ttf in Resources */ = {isa = PBXBuildFile; fileRef = DB535AF8285AE5B000452CE2 /* NunitoSans-SemiBoldItalic.ttf */; };
		DB535B16285AE5B000452CE2 /* NunitoSans-Italic.ttf in Resources */ = {isa = PBXBuildFile; fileRef = DB535AF9285AE5B000452CE2 /* NunitoSans-Italic.ttf */; };
		DB535B18285AE5B000452CE2 /* NunitoSans-Bold.ttf in Resources */ = {isa = PBXBuildFile; fileRef = DB535AFB285AE5B000452CE2 /* NunitoSans-Bold.ttf */; };
		DB535B19285AE5B000452CE2 /* NunitoSans-SemiBold.ttf in Resources */ = {isa = PBXBuildFile; fileRef = DB535AFC285AE5B000452CE2 /* NunitoSans-SemiBold.ttf */; };
		DB535B1A285AE5B000452CE2 /* NunitoSans-Black.ttf in Resources */ = {isa = PBXBuildFile; fileRef = DB535AFD285AE5B000452CE2 /* NunitoSans-Black.ttf */; };
		DB535B1B285AE5B000452CE2 /* NunitoSans-ExtraBoldItalic.ttf in Resources */ = {isa = PBXBuildFile; fileRef = DB535AFE285AE5B000452CE2 /* NunitoSans-ExtraBoldItalic.ttf */; };
		DB535B1C285AE5B000452CE2 /* NunitoSans-ExtraLightItalic.ttf in Resources */ = {isa = PBXBuildFile; fileRef = DB535AFF285AE5B000452CE2 /* NunitoSans-ExtraLightItalic.ttf */; };
		DB535B1D285AE5B000452CE2 /* Inter-VariableFont_slnt,wght.ttf in Resources */ = {isa = PBXBuildFile; fileRef = DB535B01285AE5B000452CE2 /* Inter-VariableFont_slnt,wght.ttf */; };
		DB535B1E285AE5B000452CE2 /* Inter-Medium.ttf in Resources */ = {isa = PBXBuildFile; fileRef = DB535B03285AE5B000452CE2 /* Inter-Medium.ttf */; };
		DB535B1F285AE5B000452CE2 /* Inter-Light.ttf in Resources */ = {isa = PBXBuildFile; fileRef = DB535B04285AE5B000452CE2 /* Inter-Light.ttf */; };
		DB535B20285AE5B000452CE2 /* Inter-Thin.ttf in Resources */ = {isa = PBXBuildFile; fileRef = DB535B05285AE5B000452CE2 /* Inter-Thin.ttf */; };
		DB535B21285AE5B000452CE2 /* Inter-Bold.ttf in Resources */ = {isa = PBXBuildFile; fileRef = DB535B06285AE5B000452CE2 /* Inter-Bold.ttf */; };
		DB535B22285AE5B000452CE2 /* Inter-Regular.ttf in Resources */ = {isa = PBXBuildFile; fileRef = DB535B07285AE5B000452CE2 /* Inter-Regular.ttf */; };
		DB535B23285AE5B000452CE2 /* Inter-ExtraBold.ttf in Resources */ = {isa = PBXBuildFile; fileRef = DB535B08285AE5B000452CE2 /* Inter-ExtraBold.ttf */; };
		DB535B24285AE5B000452CE2 /* Inter-ExtraLight.ttf in Resources */ = {isa = PBXBuildFile; fileRef = DB535B09285AE5B000452CE2 /* Inter-ExtraLight.ttf */; };
		DB535B25285AE5B000452CE2 /* Inter-Black.ttf in Resources */ = {isa = PBXBuildFile; fileRef = DB535B0A285AE5B000452CE2 /* Inter-Black.ttf */; };
		DB535B26285AE5B000452CE2 /* Inter-SemiBold.ttf in Resources */ = {isa = PBXBuildFile; fileRef = DB535B0B285AE5B000452CE2 /* Inter-SemiBold.ttf */; };
		DB535B27285AE5B000452CE2 /* OFL.txt in Resources */ = {isa = PBXBuildFile; fileRef = DB535B0C285AE5B000452CE2 /* OFL.txt */; };
		DB535B28285AE5B000452CE2 /* README.txt in Resources */ = {isa = PBXBuildFile; fileRef = DB535B0D285AE5B000452CE2 /* README.txt */; };
		DB787FC02866CDE000CA2879 /* View.swift in Sources */ = {isa = PBXBuildFile; fileRef = DB787FBF2866CDE000CA2879 /* View.swift */; };
		DB787FC528698FB900CA2879 /* ApiUtilities.swift in Sources */ = {isa = PBXBuildFile; fileRef = DB787FC428698FB900CA2879 /* ApiUtilities.swift */; };
		DB787FC828698FE800CA2879 /* HomeTabModel.swift in Sources */ = {isa = PBXBuildFile; fileRef = DB787FC728698FE800CA2879 /* HomeTabModel.swift */; };
		DB787FCA286990CE00CA2879 /* ArticleHomeModel.swift in Sources */ = {isa = PBXBuildFile; fileRef = DB787FC9286990CE00CA2879 /* ArticleHomeModel.swift */; };
		DB787FCC2869924300CA2879 /* DoctorHomeModel.swift in Sources */ = {isa = PBXBuildFile; fileRef = DB787FCB2869924300CA2879 /* DoctorHomeModel.swift */; };
		DB787FCF2869927C00CA2879 /* PromotionHomeModel.swift in Sources */ = {isa = PBXBuildFile; fileRef = DB787FCE2869927C00CA2879 /* PromotionHomeModel.swift */; };
		DB787FD1286995F200CA2879 /* Ultilities.swift in Sources */ = {isa = PBXBuildFile; fileRef = DB787FD0286995F200CA2879 /* Ultilities.swift */; };
		DB787FD3286AE91900CA2879 /* NSMutableAttributedString.swift in Sources */ = {isa = PBXBuildFile; fileRef = DB787FD2286AE91900CA2879 /* NSMutableAttributedString.swift */; };
		DB787FD6286B080200CA2879 /* ProgressHUB.swift in Sources */ = {isa = PBXBuildFile; fileRef = DB787FD5286B080100CA2879 /* ProgressHUB.swift */; };
		DB787FD9286B088100CA2879 /* BaseViewController.swift in Sources */ = {isa = PBXBuildFile; fileRef = DB787FD8286B088100CA2879 /* BaseViewController.swift */; };
		DB8725AA286C5286009C79AA /* PromotionVcModel.swift in Sources */ = {isa = PBXBuildFile; fileRef = DB8725A9286C5286009C79AA /* PromotionVcModel.swift */; };
		DB8725AC28728967009C79AA /* NewsViewController.swift in Sources */ = {isa = PBXBuildFile; fileRef = DB8725AB28728967009C79AA /* NewsViewController.swift */; };
		DB8725AF28728B71009C79AA /* NewsVCModel.swift in Sources */ = {isa = PBXBuildFile; fileRef = DB8725AE28728B71009C79AA /* NewsVCModel.swift */; };
		DB8725B328728DAA009C79AA /* NewsVCTableViewCell1.swift in Sources */ = {isa = PBXBuildFile; fileRef = DB8725B128728DAA009C79AA /* NewsVCTableViewCell1.swift */; };
		DB8725B428728DAA009C79AA /* NewsVCTableViewCell1.xib in Resources */ = {isa = PBXBuildFile; fileRef = DB8725B228728DAA009C79AA /* NewsVCTableViewCell1.xib */; };
		DB8725B62872F01A009C79AA /* DoctorViewController.swift in Sources */ = {isa = PBXBuildFile; fileRef = DB8725B52872F019009C79AA /* DoctorViewController.swift */; };
		DB8725BB2872F137009C79AA /* DoctorVCTableViewCell.swift in Sources */ = {isa = PBXBuildFile; fileRef = DB8725B92872F137009C79AA /* DoctorVCTableViewCell.swift */; };
		DB8725BC2872F137009C79AA /* DoctorVCTableViewCell.xib in Resources */ = {isa = PBXBuildFile; fileRef = DB8725BA2872F137009C79AA /* DoctorVCTableViewCell.xib */; };
		DB8725BF2872F98F009C79AA /* DoctorVCModel.swift in Sources */ = {isa = PBXBuildFile; fileRef = DB8725BE2872F98F009C79AA /* DoctorVCModel.swift */; };
		DB8725C12873D84F009C79AA /* DetailsViewController.swift in Sources */ = {isa = PBXBuildFile; fileRef = DB8725C02873D84F009C79AA /* DetailsViewController.swift */; };
		DB8DC05A28743C0C007696B6 /* UserInfoViewController.swift in Sources */ = {isa = PBXBuildFile; fileRef = DB8DC05928743C0C007696B6 /* UserInfoViewController.swift */; };
		DB8DC05F28752CB2007696B6 /* UserModel.swift in Sources */ = {isa = PBXBuildFile; fileRef = DB8DC05E28752CB2007696B6 /* UserModel.swift */; };
		DBB81AC2286C079B00D76125 /* PromotionViewController.swift in Sources */ = {isa = PBXBuildFile; fileRef = DBB81AC1286C079B00D76125 /* PromotionViewController.swift */; };
		DBB81AC5286C497C00D76125 /* PromotionVCTableViewCell.swift in Sources */ = {isa = PBXBuildFile; fileRef = DBB81AC3286C497C00D76125 /* PromotionVCTableViewCell.swift */; };
		DBB81AC6286C497C00D76125 /* PromotionVCTableViewCell.xib in Resources */ = {isa = PBXBuildFile; fileRef = DBB81AC4286C497C00D76125 /* PromotionVCTableViewCell.xib */; };
/* End PBXBuildFile section */

/* Begin PBXFileReference section */
		091EB180DAD8D275D60B1673 /* Pods-App_Intern_basic.release.xcconfig */ = {isa = PBXFileReference; includeInIndex = 1; lastKnownFileType = text.xcconfig; name = "Pods-App_Intern_basic.release.xcconfig"; path = "Target Support Files/Pods-App_Intern_basic/Pods-App_Intern_basic.release.xcconfig"; sourceTree = "<group>"; };
		2DDE6EE545B1DBC390289973 /* Pods-App_Intern_basic.debug.xcconfig */ = {isa = PBXFileReference; includeInIndex = 1; lastKnownFileType = text.xcconfig; name = "Pods-App_Intern_basic.debug.xcconfig"; path = "Target Support Files/Pods-App_Intern_basic/Pods-App_Intern_basic.debug.xcconfig"; sourceTree = "<group>"; };
		DB02048A284DA41400834240 /* App_Intern_basic.app */ = {isa = PBXFileReference; explicitFileType = wrapper.application; includeInIndex = 0; path = App_Intern_basic.app; sourceTree = BUILT_PRODUCTS_DIR; };
		DB02048D284DA41400834240 /* AppDelegate.swift */ = {isa = PBXFileReference; lastKnownFileType = sourcecode.swift; path = AppDelegate.swift; sourceTree = "<group>"; };
		DB02048F284DA41400834240 /* SceneDelegate.swift */ = {isa = PBXFileReference; lastKnownFileType = sourcecode.swift; path = SceneDelegate.swift; sourceTree = "<group>"; };
		DB020491284DA41400834240 /* IntroViewController.swift */ = {isa = PBXFileReference; lastKnownFileType = sourcecode.swift; path = IntroViewController.swift; sourceTree = "<group>"; };
		DB020494284DA41400834240 /* Base */ = {isa = PBXFileReference; lastKnownFileType = file.storyboard; name = Base; path = Base.lproj/Main.storyboard; sourceTree = "<group>"; };
		DB020496284DA41600834240 /* Assets.xcassets */ = {isa = PBXFileReference; lastKnownFileType = folder.assetcatalog; path = Assets.xcassets; sourceTree = "<group>"; };
		DB020499284DA41600834240 /* Base */ = {isa = PBXFileReference; lastKnownFileType = file.storyboard; name = Base; path = Base.lproj/LaunchScreen.storyboard; sourceTree = "<group>"; };
		DB02049B284DA41600834240 /* Info.plist */ = {isa = PBXFileReference; lastKnownFileType = text.plist.xml; path = Info.plist; sourceTree = "<group>"; };
		DB0204A2284DA5F200834240 /* IntroCell.swift */ = {isa = PBXFileReference; lastKnownFileType = sourcecode.swift; path = IntroCell.swift; sourceTree = "<group>"; };
		DB0204A3284DA5F200834240 /* IntroCell.xib */ = {isa = PBXFileReference; lastKnownFileType = file.xib; path = IntroCell.xib; sourceTree = "<group>"; };
		DB0204C6284DEF4C00834240 /* Constants.swift */ = {isa = PBXFileReference; lastKnownFileType = sourcecode.swift; path = Constants.swift; sourceTree = "<group>"; };
		DB0204C92851948E00834240 /* PhoneViewController.swift */ = {isa = PBXFileReference; lastKnownFileType = sourcecode.swift; path = PhoneViewController.swift; sourceTree = "<group>"; };
		DB0204CB2858EBD300834240 /* OtpViewController.swift */ = {isa = PBXFileReference; lastKnownFileType = sourcecode.swift; path = OtpViewController.swift; sourceTree = "<group>"; };
		DB1A3FB5285F927B0088E25C /* CustomTextField.swift */ = {isa = PBXFileReference; lastKnownFileType = sourcecode.swift; path = CustomTextField.swift; sourceTree = "<group>"; };
		DB1A3FB7286307DA0088E25C /* HomeViewController.swift */ = {isa = PBXFileReference; lastKnownFileType = sourcecode.swift; path = HomeViewController.swift; sourceTree = "<group>"; };
		DB1A3FC32865B9470088E25C /* NewsTableViewCell.swift */ = {isa = PBXFileReference; lastKnownFileType = sourcecode.swift; path = NewsTableViewCell.swift; sourceTree = "<group>"; };
		DB1A3FC42865B9470088E25C /* NewsTableViewCell.xib */ = {isa = PBXFileReference; lastKnownFileType = file.xib; path = NewsTableViewCell.xib; sourceTree = "<group>"; };
		DB1A3FC72865B9580088E25C /* DoctorTableViewCell.swift */ = {isa = PBXFileReference; lastKnownFileType = sourcecode.swift; path = DoctorTableViewCell.swift; sourceTree = "<group>"; };
		DB1A3FC82865B9580088E25C /* DoctorTableViewCell.xib */ = {isa = PBXFileReference; lastKnownFileType = file.xib; path = DoctorTableViewCell.xib; sourceTree = "<group>"; };
		DB3FCAAD2866AB190095511B /* DoctorCollectionViewCell.swift */ = {isa = PBXFileReference; lastKnownFileType = sourcecode.swift; path = DoctorCollectionViewCell.swift; sourceTree = "<group>"; };
		DB3FCAAE2866AB190095511B /* DoctorCollectionViewCell.xib */ = {isa = PBXFileReference; lastKnownFileType = file.xib; path = DoctorCollectionViewCell.xib; sourceTree = "<group>"; };
		DB3FCAB12866AB2D0095511B /* NewsCollectionViewCell.swift */ = {isa = PBXFileReference; lastKnownFileType = sourcecode.swift; path = NewsCollectionViewCell.swift; sourceTree = "<group>"; };
		DB3FCAB22866AB2D0095511B /* NewsCollectionViewCell.xib */ = {isa = PBXFileReference; lastKnownFileType = file.xib; path = NewsCollectionViewCell.xib; sourceTree = "<group>"; };
		DB535AF1285AE5B000452CE2 /* NunitoSans-LightItalic.ttf */ = {isa = PBXFileReference; lastKnownFileType = file; path = "NunitoSans-LightItalic.ttf"; sourceTree = "<group>"; };
		DB535AF2285AE5B000452CE2 /* NunitoSans-BoldItalic.ttf */ = {isa = PBXFileReference; lastKnownFileType = file; path = "NunitoSans-BoldItalic.ttf"; sourceTree = "<group>"; };
		DB535AF3285AE5B000452CE2 /* NunitoSans-ExtraLight.ttf */ = {isa = PBXFileReference; lastKnownFileType = file; path = "NunitoSans-ExtraLight.ttf"; sourceTree = "<group>"; };
		DB535AF4285AE5B000452CE2 /* NunitoSans-Light.ttf */ = {isa = PBXFileReference; lastKnownFileType = file; path = "NunitoSans-Light.ttf"; sourceTree = "<group>"; };
		DB535AF5285AE5B000452CE2 /* NunitoSans-BlackItalic.ttf */ = {isa = PBXFileReference; lastKnownFileType = file; path = "NunitoSans-BlackItalic.ttf"; sourceTree = "<group>"; };
		DB535AF6285AE5B000452CE2 /* NunitoSans-ExtraBold.ttf */ = {isa = PBXFileReference; lastKnownFileType = file; path = "NunitoSans-ExtraBold.ttf"; sourceTree = "<group>"; };
		DB535AF7285AE5B000452CE2 /* NunitoSans-Regular.ttf */ = {isa = PBXFileReference; lastKnownFileType = file; path = "NunitoSans-Regular.ttf"; sourceTree = "<group>"; };
		DB535AF8285AE5B000452CE2 /* NunitoSans-SemiBoldItalic.ttf */ = {isa = PBXFileReference; lastKnownFileType = file; path = "NunitoSans-SemiBoldItalic.ttf"; sourceTree = "<group>"; };
		DB535AF9285AE5B000452CE2 /* NunitoSans-Italic.ttf */ = {isa = PBXFileReference; lastKnownFileType = file; path = "NunitoSans-Italic.ttf"; sourceTree = "<group>"; };
		DB535AFB285AE5B000452CE2 /* NunitoSans-Bold.ttf */ = {isa = PBXFileReference; lastKnownFileType = file; path = "NunitoSans-Bold.ttf"; sourceTree = "<group>"; };
		DB535AFC285AE5B000452CE2 /* NunitoSans-SemiBold.ttf */ = {isa = PBXFileReference; lastKnownFileType = file; path = "NunitoSans-SemiBold.ttf"; sourceTree = "<group>"; };
		DB535AFD285AE5B000452CE2 /* NunitoSans-Black.ttf */ = {isa = PBXFileReference; lastKnownFileType = file; path = "NunitoSans-Black.ttf"; sourceTree = "<group>"; };
		DB535AFE285AE5B000452CE2 /* NunitoSans-ExtraBoldItalic.ttf */ = {isa = PBXFileReference; lastKnownFileType = file; path = "NunitoSans-ExtraBoldItalic.ttf"; sourceTree = "<group>"; };
		DB535AFF285AE5B000452CE2 /* NunitoSans-ExtraLightItalic.ttf */ = {isa = PBXFileReference; lastKnownFileType = file; path = "NunitoSans-ExtraLightItalic.ttf"; sourceTree = "<group>"; };
		DB535B01285AE5B000452CE2 /* Inter-VariableFont_slnt,wght.ttf */ = {isa = PBXFileReference; lastKnownFileType = file; path = "Inter-VariableFont_slnt,wght.ttf"; sourceTree = "<group>"; };
		DB535B03285AE5B000452CE2 /* Inter-Medium.ttf */ = {isa = PBXFileReference; lastKnownFileType = file; path = "Inter-Medium.ttf"; sourceTree = "<group>"; };
		DB535B04285AE5B000452CE2 /* Inter-Light.ttf */ = {isa = PBXFileReference; lastKnownFileType = file; path = "Inter-Light.ttf"; sourceTree = "<group>"; };
		DB535B05285AE5B000452CE2 /* Inter-Thin.ttf */ = {isa = PBXFileReference; lastKnownFileType = file; path = "Inter-Thin.ttf"; sourceTree = "<group>"; };
		DB535B06285AE5B000452CE2 /* Inter-Bold.ttf */ = {isa = PBXFileReference; lastKnownFileType = file; path = "Inter-Bold.ttf"; sourceTree = "<group>"; };
		DB535B07285AE5B000452CE2 /* Inter-Regular.ttf */ = {isa = PBXFileReference; lastKnownFileType = file; path = "Inter-Regular.ttf"; sourceTree = "<group>"; };
		DB535B08285AE5B000452CE2 /* Inter-ExtraBold.ttf */ = {isa = PBXFileReference; lastKnownFileType = file; path = "Inter-ExtraBold.ttf"; sourceTree = "<group>"; };
		DB535B09285AE5B000452CE2 /* Inter-ExtraLight.ttf */ = {isa = PBXFileReference; lastKnownFileType = file; path = "Inter-ExtraLight.ttf"; sourceTree = "<group>"; };
		DB535B0A285AE5B000452CE2 /* Inter-Black.ttf */ = {isa = PBXFileReference; lastKnownFileType = file; path = "Inter-Black.ttf"; sourceTree = "<group>"; };
		DB535B0B285AE5B000452CE2 /* Inter-SemiBold.ttf */ = {isa = PBXFileReference; lastKnownFileType = file; path = "Inter-SemiBold.ttf"; sourceTree = "<group>"; };
		DB535B0C285AE5B000452CE2 /* OFL.txt */ = {isa = PBXFileReference; fileEncoding = 4; lastKnownFileType = text; path = OFL.txt; sourceTree = "<group>"; };
		DB535B0D285AE5B000452CE2 /* README.txt */ = {isa = PBXFileReference; fileEncoding = 4; lastKnownFileType = text; path = README.txt; sourceTree = "<group>"; };
		DB787FBF2866CDE000CA2879 /* View.swift */ = {isa = PBXFileReference; lastKnownFileType = sourcecode.swift; path = View.swift; sourceTree = "<group>"; };
		DB787FC428698FB900CA2879 /* ApiUtilities.swift */ = {isa = PBXFileReference; lastKnownFileType = sourcecode.swift; path = ApiUtilities.swift; sourceTree = "<group>"; };
		DB787FC728698FE800CA2879 /* HomeTabModel.swift */ = {isa = PBXFileReference; lastKnownFileType = sourcecode.swift; path = HomeTabModel.swift; sourceTree = "<group>"; };
		DB787FC9286990CE00CA2879 /* ArticleHomeModel.swift */ = {isa = PBXFileReference; lastKnownFileType = sourcecode.swift; path = ArticleHomeModel.swift; sourceTree = "<group>"; };
		DB787FCB2869924300CA2879 /* DoctorHomeModel.swift */ = {isa = PBXFileReference; lastKnownFileType = sourcecode.swift; path = DoctorHomeModel.swift; sourceTree = "<group>"; };
		DB787FCE2869927C00CA2879 /* PromotionHomeModel.swift */ = {isa = PBXFileReference; lastKnownFileType = sourcecode.swift; path = PromotionHomeModel.swift; sourceTree = "<group>"; };
		DB787FD0286995F200CA2879 /* Ultilities.swift */ = {isa = PBXFileReference; lastKnownFileType = sourcecode.swift; path = Ultilities.swift; sourceTree = "<group>"; };
		DB787FD2286AE91900CA2879 /* NSMutableAttributedString.swift */ = {isa = PBXFileReference; lastKnownFileType = sourcecode.swift; path = NSMutableAttributedString.swift; sourceTree = "<group>"; };
		DB787FD5286B080100CA2879 /* ProgressHUB.swift */ = {isa = PBXFileReference; lastKnownFileType = sourcecode.swift; path = ProgressHUB.swift; sourceTree = "<group>"; };
		DB787FD8286B088100CA2879 /* BaseViewController.swift */ = {isa = PBXFileReference; lastKnownFileType = sourcecode.swift; path = BaseViewController.swift; sourceTree = "<group>"; };
		DB8725A9286C5286009C79AA /* PromotionVcModel.swift */ = {isa = PBXFileReference; lastKnownFileType = sourcecode.swift; path = PromotionVcModel.swift; sourceTree = "<group>"; };
		DB8725AB28728967009C79AA /* NewsViewController.swift */ = {isa = PBXFileReference; lastKnownFileType = sourcecode.swift; path = NewsViewController.swift; sourceTree = "<group>"; };
		DB8725AE28728B71009C79AA /* NewsVCModel.swift */ = {isa = PBXFileReference; lastKnownFileType = sourcecode.swift; path = NewsVCModel.swift; sourceTree = "<group>"; };
		DB8725B128728DAA009C79AA /* NewsVCTableViewCell1.swift */ = {isa = PBXFileReference; lastKnownFileType = sourcecode.swift; path = NewsVCTableViewCell1.swift; sourceTree = "<group>"; };
		DB8725B228728DAA009C79AA /* NewsVCTableViewCell1.xib */ = {isa = PBXFileReference; lastKnownFileType = file.xib; path = NewsVCTableViewCell1.xib; sourceTree = "<group>"; };
		DB8725B52872F019009C79AA /* DoctorViewController.swift */ = {isa = PBXFileReference; lastKnownFileType = sourcecode.swift; path = DoctorViewController.swift; sourceTree = "<group>"; };
		DB8725B92872F137009C79AA /* DoctorVCTableViewCell.swift */ = {isa = PBXFileReference; lastKnownFileType = sourcecode.swift; path = DoctorVCTableViewCell.swift; sourceTree = "<group>"; };
		DB8725BA2872F137009C79AA /* DoctorVCTableViewCell.xib */ = {isa = PBXFileReference; lastKnownFileType = file.xib; path = DoctorVCTableViewCell.xib; sourceTree = "<group>"; };
		DB8725BE2872F98F009C79AA /* DoctorVCModel.swift */ = {isa = PBXFileReference; lastKnownFileType = sourcecode.swift; path = DoctorVCModel.swift; sourceTree = "<group>"; };
		DB8725C02873D84F009C79AA /* DetailsViewController.swift */ = {isa = PBXFileReference; lastKnownFileType = sourcecode.swift; path = DetailsViewController.swift; sourceTree = "<group>"; };
		DB8DC05928743C0C007696B6 /* UserInfoViewController.swift */ = {isa = PBXFileReference; lastKnownFileType = sourcecode.swift; path = UserInfoViewController.swift; sourceTree = "<group>"; };
		DB8DC05E28752CB2007696B6 /* UserModel.swift */ = {isa = PBXFileReference; lastKnownFileType = sourcecode.swift; path = UserModel.swift; sourceTree = "<group>"; };
		DBB81AC1286C079B00D76125 /* PromotionViewController.swift */ = {isa = PBXFileReference; lastKnownFileType = sourcecode.swift; path = PromotionViewController.swift; sourceTree = "<group>"; };
		DBB81AC3286C497C00D76125 /* PromotionVCTableViewCell.swift */ = {isa = PBXFileReference; lastKnownFileType = sourcecode.swift; path = PromotionVCTableViewCell.swift; sourceTree = "<group>"; };
		DBB81AC4286C497C00D76125 /* PromotionVCTableViewCell.xib */ = {isa = PBXFileReference; lastKnownFileType = file.xib; path = PromotionVCTableViewCell.xib; sourceTree = "<group>"; };
		E376F86C8872926D31FCDB94 /* Pods_App_Intern_basic.framework */ = {isa = PBXFileReference; explicitFileType = wrapper.framework; includeInIndex = 0; path = Pods_App_Intern_basic.framework; sourceTree = BUILT_PRODUCTS_DIR; };
/* End PBXFileReference section */

/* Begin PBXFrameworksBuildPhase section */
		DB020487284DA41400834240 /* Frameworks */ = {
			isa = PBXFrameworksBuildPhase;
			buildActionMask = 2147483647;
			files = (
				2F2A6613274228C2D1E6DC56 /* Pods_App_Intern_basic.framework in Frameworks */,
			);
			runOnlyForDeploymentPostprocessing = 0;
		};
/* End PBXFrameworksBuildPhase section */

/* Begin PBXGroup section */
		6937D053D72F21CF7BB82070 /* Pods */ = {
			isa = PBXGroup;
			children = (
				2DDE6EE545B1DBC390289973 /* Pods-App_Intern_basic.debug.xcconfig */,
				091EB180DAD8D275D60B1673 /* Pods-App_Intern_basic.release.xcconfig */,
			);
			path = Pods;
			sourceTree = "<group>";
		};
		DB020481284DA41400834240 = {
			isa = PBXGroup;
			children = (
				DB02048C284DA41400834240 /* App_Intern_basic */,
				DB02048B284DA41400834240 /* Products */,
				DBD77651285AEAB600DB0C0D /* Frameworks */,
				6937D053D72F21CF7BB82070 /* Pods */,
			);
			sourceTree = "<group>";
		};
		DB02048B284DA41400834240 /* Products */ = {
			isa = PBXGroup;
			children = (
				DB02048A284DA41400834240 /* App_Intern_basic.app */,
			);
			name = Products;
			sourceTree = "<group>";
		};
		DB02048C284DA41400834240 /* App_Intern_basic */ = {
			isa = PBXGroup;
			children = (
				DB787FC628698FD500CA2879 /* Model */,
				DB1A3FB4285F92420088E25C /* Helper */,
				DB535AEE285AE44900452CE2 /* Resource */,
				DB0204C82851945300834240 /* ViewController */,
				DB535AED285AE42F00452CE2 /* App */,
			);
			path = App_Intern_basic;
			sourceTree = "<group>";
		};
		DB0204A1284DA53200834240 /* Cells */ = {
			isa = PBXGroup;
			children = (
				DB8725B82872F11D009C79AA /* CellInDoctorVC */,
				DB8725B028728D14009C79AA /* CellInNewsVC */,
				DB787FDB286BFDF900CA2879 /* CellInPromotionVC */,
				DB787FDA286BFDDC00CA2879 /* CellInHomeVC */,
			);
			path = Cells;
			sourceTree = "<group>";
		};
		DB0204C5284DEF1900834240 /* Constants */ = {
			isa = PBXGroup;
			children = (
				DB0204C6284DEF4C00834240 /* Constants.swift */,
			);
			path = Constants;
			sourceTree = "<group>";
		};
		DB0204C82851945300834240 /* ViewController */ = {
			isa = PBXGroup;
			children = (
				DB8DC05828743BF3007696B6 /* User */,
				DB1A3FBC2865B3850088E25C /* LoginAndSignUp */,
				DB1A3FBB2865B3750088E25C /* Home */,
				DB0204A1284DA53200834240 /* Cells */,
				DB787FD8286B088100CA2879 /* BaseViewController.swift */,
			);
			path = ViewController;
			sourceTree = "<group>";
		};
		DB1A3FB4285F92420088E25C /* Helper */ = {
			isa = PBXGroup;
			children = (
				DB787FC328698F7100CA2879 /* Utilities */,
				DB787FBE2866CDC300CA2879 /* Extension */,
				DB0204C5284DEF1900834240 /* Constants */,
				DB1A3FC02865B8D40088E25C /* TextField */,
			);
			path = Helper;
			sourceTree = "<group>";
		};
		DB1A3FB92865B2D90088E25C /* IntroAppCell */ = {
			isa = PBXGroup;
			children = (
				DB0204A2284DA5F200834240 /* IntroCell.swift */,
				DB0204A3284DA5F200834240 /* IntroCell.xib */,
			);
			path = IntroAppCell;
			sourceTree = "<group>";
		};
		DB1A3FBB2865B3750088E25C /* Home */ = {
			isa = PBXGroup;
			children = (
				DB1A3FB7286307DA0088E25C /* HomeViewController.swift */,
				DBB81AC1286C079B00D76125 /* PromotionViewController.swift */,
				DB8725AB28728967009C79AA /* NewsViewController.swift */,
				DB8725B52872F019009C79AA /* DoctorViewController.swift */,
				DB8725C02873D84F009C79AA /* DetailsViewController.swift */,
			);
			path = Home;
			sourceTree = "<group>";
		};
		DB1A3FBC2865B3850088E25C /* LoginAndSignUp */ = {
			isa = PBXGroup;
			children = (
				DB0204C92851948E00834240 /* PhoneViewController.swift */,
				DB0204CB2858EBD300834240 /* OtpViewController.swift */,
				DB020491284DA41400834240 /* IntroViewController.swift */,
			);
			path = LoginAndSignUp;
			sourceTree = "<group>";
		};
		DB1A3FBD2865B39C0088E25C /* NewsHomeTabCell */ = {
			isa = PBXGroup;
			children = (
				DB1A3FC32865B9470088E25C /* NewsTableViewCell.swift */,
				DB1A3FC42865B9470088E25C /* NewsTableViewCell.xib */,
			);
			path = NewsHomeTabCell;
			sourceTree = "<group>";
		};
		DB1A3FBE2865B3A60088E25C /* DoctorHomeTabCell */ = {
			isa = PBXGroup;
			children = (
				DB1A3FC72865B9580088E25C /* DoctorTableViewCell.swift */,
				DB1A3FC82865B9580088E25C /* DoctorTableViewCell.xib */,
			);
			path = DoctorHomeTabCell;
			sourceTree = "<group>";
		};
		DB1A3FC02865B8D40088E25C /* TextField */ = {
			isa = PBXGroup;
			children = (
				DB1A3FB5285F927B0088E25C /* CustomTextField.swift */,
			);
			path = TextField;
			sourceTree = "<group>";
		};
		DB3FCAA92866AAC90095511B /* NewsCollectionviewCell */ = {
			isa = PBXGroup;
			children = (
				DB3FCAB12866AB2D0095511B /* NewsCollectionViewCell.swift */,
				DB3FCAB22866AB2D0095511B /* NewsCollectionViewCell.xib */,
			);
			path = NewsCollectionviewCell;
			sourceTree = "<group>";
		};
		DB3FCAAA2866AADA0095511B /* DoctorCollectionviewCell */ = {
			isa = PBXGroup;
			children = (
				DB3FCAAD2866AB190095511B /* DoctorCollectionViewCell.swift */,
				DB3FCAAE2866AB190095511B /* DoctorCollectionViewCell.xib */,
			);
			path = DoctorCollectionviewCell;
			sourceTree = "<group>";
		};
		DB535AED285AE42F00452CE2 /* App */ = {
			isa = PBXGroup;
			children = (
				DB02048D284DA41400834240 /* AppDelegate.swift */,
				DB02048F284DA41400834240 /* SceneDelegate.swift */,
			);
			path = App;
			sourceTree = "<group>";
		};
		DB535AEE285AE44900452CE2 /* Resource */ = {
			isa = PBXGroup;
			children = (
				DB02049B284DA41600834240 /* Info.plist */,
				DB535AEF285AE5B000452CE2 /* Font */,
				DB020493284DA41400834240 /* Main.storyboard */,
				DB020496284DA41600834240 /* Assets.xcassets */,
				DB020498284DA41600834240 /* LaunchScreen.storyboard */,
			);
			path = Resource;
			sourceTree = "<group>";
		};
		DB535AEF285AE5B000452CE2 /* Font */ = {
			isa = PBXGroup;
			children = (
				DB535AF0285AE5B000452CE2 /* Nunito_Sans */,
				DB535B00285AE5B000452CE2 /* Inter */,
			);
			path = Font;
			sourceTree = SOURCE_ROOT;
		};
		DB535AF0285AE5B000452CE2 /* Nunito_Sans */ = {
			isa = PBXGroup;
			children = (
				DB535AF1285AE5B000452CE2 /* NunitoSans-LightItalic.ttf */,
				DB535AF2285AE5B000452CE2 /* NunitoSans-BoldItalic.ttf */,
				DB535AF3285AE5B000452CE2 /* NunitoSans-ExtraLight.ttf */,
				DB535AF4285AE5B000452CE2 /* NunitoSans-Light.ttf */,
				DB535AF5285AE5B000452CE2 /* NunitoSans-BlackItalic.ttf */,
				DB535AF6285AE5B000452CE2 /* NunitoSans-ExtraBold.ttf */,
				DB535AF7285AE5B000452CE2 /* NunitoSans-Regular.ttf */,
				DB535AF8285AE5B000452CE2 /* NunitoSans-SemiBoldItalic.ttf */,
				DB535AF9285AE5B000452CE2 /* NunitoSans-Italic.ttf */,
				DB535AFB285AE5B000452CE2 /* NunitoSans-Bold.ttf */,
				DB535AFC285AE5B000452CE2 /* NunitoSans-SemiBold.ttf */,
				DB535AFD285AE5B000452CE2 /* NunitoSans-Black.ttf */,
				DB535AFE285AE5B000452CE2 /* NunitoSans-ExtraBoldItalic.ttf */,
				DB535AFF285AE5B000452CE2 /* NunitoSans-ExtraLightItalic.ttf */,
			);
			path = Nunito_Sans;
			sourceTree = "<group>";
		};
		DB535B00285AE5B000452CE2 /* Inter */ = {
			isa = PBXGroup;
			children = (
				DB535B01285AE5B000452CE2 /* Inter-VariableFont_slnt,wght.ttf */,
				DB535B02285AE5B000452CE2 /* static */,
				DB535B0C285AE5B000452CE2 /* OFL.txt */,
				DB535B0D285AE5B000452CE2 /* README.txt */,
			);
			path = Inter;
			sourceTree = "<group>";
		};
		DB535B02285AE5B000452CE2 /* static */ = {
			isa = PBXGroup;
			children = (
				DB535B03285AE5B000452CE2 /* Inter-Medium.ttf */,
				DB535B04285AE5B000452CE2 /* Inter-Light.ttf */,
				DB535B05285AE5B000452CE2 /* Inter-Thin.ttf */,
				DB535B06285AE5B000452CE2 /* Inter-Bold.ttf */,
				DB535B07285AE5B000452CE2 /* Inter-Regular.ttf */,
				DB535B08285AE5B000452CE2 /* Inter-ExtraBold.ttf */,
				DB535B09285AE5B000452CE2 /* Inter-ExtraLight.ttf */,
				DB535B0A285AE5B000452CE2 /* Inter-Black.ttf */,
				DB535B0B285AE5B000452CE2 /* Inter-SemiBold.ttf */,
			);
			path = static;
			sourceTree = "<group>";
		};
		DB787FBE2866CDC300CA2879 /* Extension */ = {
			isa = PBXGroup;
			children = (
				DB787FBF2866CDE000CA2879 /* View.swift */,
				DB787FD2286AE91900CA2879 /* NSMutableAttributedString.swift */,
			);
			path = Extension;
			sourceTree = "<group>";
		};
		DB787FC328698F7100CA2879 /* Utilities */ = {
			isa = PBXGroup;
			children = (
				DB787FD4286B07D700CA2879 /* SercureStore */,
				DB787FC428698FB900CA2879 /* ApiUtilities.swift */,
				DB787FD0286995F200CA2879 /* Ultilities.swift */,
			);
			path = Utilities;
			sourceTree = "<group>";
		};
		DB787FC628698FD500CA2879 /* Model */ = {
			isa = PBXGroup;
			children = (
				DB8DC05B28752C70007696B6 /* UserInfoVCModel */,
				DB8725BD2872F97D009C79AA /* DoctorVCModel */,
				DB8725AD28728B4B009C79AA /* NewsVCModel */,
				DB8725A8286C5254009C79AA /* PromotionVCModel */,
				DB787FCD2869925100CA2879 /* HomeVCModel */,
			);
			path = Model;
			sourceTree = "<group>";
		};
		DB787FCD2869925100CA2879 /* HomeVCModel */ = {
			isa = PBXGroup;
			children = (
				DB787FC728698FE800CA2879 /* HomeTabModel.swift */,
				DB787FC9286990CE00CA2879 /* ArticleHomeModel.swift */,
				DB787FCB2869924300CA2879 /* DoctorHomeModel.swift */,
				DB787FCE2869927C00CA2879 /* PromotionHomeModel.swift */,
			);
			path = HomeVCModel;
			sourceTree = "<group>";
		};
		DB787FD4286B07D700CA2879 /* SercureStore */ = {
			isa = PBXGroup;
			children = (
				DB787FD5286B080100CA2879 /* ProgressHUB.swift */,
			);
			path = SercureStore;
			sourceTree = "<group>";
		};
		DB787FDA286BFDDC00CA2879 /* CellInHomeVC */ = {
			isa = PBXGroup;
			children = (
				DB3FCAAA2866AADA0095511B /* DoctorCollectionviewCell */,
				DB3FCAA92866AAC90095511B /* NewsCollectionviewCell */,
				DB1A3FBE2865B3A60088E25C /* DoctorHomeTabCell */,
				DB1A3FBD2865B39C0088E25C /* NewsHomeTabCell */,
				DB1A3FB92865B2D90088E25C /* IntroAppCell */,
			);
			path = CellInHomeVC;
			sourceTree = "<group>";
		};
		DB787FDB286BFDF900CA2879 /* CellInPromotionVC */ = {
			isa = PBXGroup;
			children = (
				DBB81AC3286C497C00D76125 /* PromotionVCTableViewCell.swift */,
				DBB81AC4286C497C00D76125 /* PromotionVCTableViewCell.xib */,
			);
			path = CellInPromotionVC;
			sourceTree = "<group>";
		};
		DB8725A8286C5254009C79AA /* PromotionVCModel */ = {
			isa = PBXGroup;
			children = (
				DB8725A9286C5286009C79AA /* PromotionVcModel.swift */,
			);
			path = PromotionVCModel;
			sourceTree = "<group>";
		};
		DB8725AD28728B4B009C79AA /* NewsVCModel */ = {
			isa = PBXGroup;
			children = (
				DB8725AE28728B71009C79AA /* NewsVCModel.swift */,
			);
			path = NewsVCModel;
			sourceTree = "<group>";
		};
		DB8725B028728D14009C79AA /* CellInNewsVC */ = {
			isa = PBXGroup;
			children = (
				DB8725B128728DAA009C79AA /* NewsVCTableViewCell1.swift */,
				DB8725B228728DAA009C79AA /* NewsVCTableViewCell1.xib */,
			);
			path = CellInNewsVC;
			sourceTree = "<group>";
		};
		DB8725B82872F11D009C79AA /* CellInDoctorVC */ = {
			isa = PBXGroup;
			children = (
				DB8725B92872F137009C79AA /* DoctorVCTableViewCell.swift */,
				DB8725BA2872F137009C79AA /* DoctorVCTableViewCell.xib */,
			);
			path = CellInDoctorVC;
			sourceTree = "<group>";
		};
		DB8725BD2872F97D009C79AA /* DoctorVCModel */ = {
			isa = PBXGroup;
			children = (
				DB8725BE2872F98F009C79AA /* DoctorVCModel.swift */,
			);
			path = DoctorVCModel;
			sourceTree = "<group>";
		};
		DB8DC05828743BF3007696B6 /* User */ = {
			isa = PBXGroup;
			children = (
				DB8DC05928743C0C007696B6 /* UserInfoViewController.swift */,
			);
			path = User;
			sourceTree = "<group>";
		};
		DB8DC05B28752C70007696B6 /* UserInfoVCModel */ = {
			isa = PBXGroup;
			children = (
				DB8DC05E28752CB2007696B6 /* UserModel.swift */,
			);
			path = UserInfoVCModel;
			sourceTree = "<group>";
		};
		DBD77651285AEAB600DB0C0D /* Frameworks */ = {
			isa = PBXGroup;
			children = (
				E376F86C8872926D31FCDB94 /* Pods_App_Intern_basic.framework */,
			);
			name = Frameworks;
			sourceTree = "<group>";
		};
/* End PBXGroup section */

/* Begin PBXNativeTarget section */
		DB020489284DA41400834240 /* App_Intern_basic */ = {
			isa = PBXNativeTarget;
			buildConfigurationList = DB02049E284DA41600834240 /* Build configuration list for PBXNativeTarget "App_Intern_basic" */;
			buildPhases = (
				4A67545D432B8E6B90E84B7F /* [CP] Check Pods Manifest.lock */,
				DB020486284DA41400834240 /* Sources */,
				DB020487284DA41400834240 /* Frameworks */,
				DB020488284DA41400834240 /* Resources */,
				3C7DD7E13637FA2B7E98CC5B /* [CP] Embed Pods Frameworks */,
			);
			buildRules = (
			);
			dependencies = (
			);
			name = App_Intern_basic;
			productName = App_Intern_basic;
			productReference = DB02048A284DA41400834240 /* App_Intern_basic.app */;
			productType = "com.apple.product-type.application";
		};
/* End PBXNativeTarget section */

/* Begin PBXProject section */
		DB020482284DA41400834240 /* Project object */ = {
			isa = PBXProject;
			attributes = {
				BuildIndependentTargetsInParallel = 1;
				LastSwiftUpdateCheck = 1330;
				LastUpgradeCheck = 1330;
				TargetAttributes = {
					DB020489284DA41400834240 = {
						CreatedOnToolsVersion = 13.3.1;
					};
				};
			};
			buildConfigurationList = DB020485284DA41400834240 /* Build configuration list for PBXProject "App_Intern_basic" */;
			compatibilityVersion = "Xcode 13.0";
			developmentRegion = en;
			hasScannedForEncodings = 0;
			knownRegions = (
				en,
				Base,
			);
			mainGroup = DB020481284DA41400834240;
			productRefGroup = DB02048B284DA41400834240 /* Products */;
			projectDirPath = "";
			projectRoot = "";
			targets = (
				DB020489284DA41400834240 /* App_Intern_basic */,
			);
		};
/* End PBXProject section */

/* Begin PBXResourcesBuildPhase section */
		DB020488284DA41400834240 /* Resources */ = {
			isa = PBXResourcesBuildPhase;
			buildActionMask = 2147483647;
			files = (
				DB535B27285AE5B000452CE2 /* OFL.txt in Resources */,
				DB535B23285AE5B000452CE2 /* Inter-ExtraBold.ttf in Resources */,
				DB535B19285AE5B000452CE2 /* NunitoSans-SemiBold.ttf in Resources */,
				DB8725BC2872F137009C79AA /* DoctorVCTableViewCell.xib in Resources */,
				DB535B1C285AE5B000452CE2 /* NunitoSans-ExtraLightItalic.ttf in Resources */,
				DB535B13285AE5B000452CE2 /* NunitoSans-ExtraBold.ttf in Resources */,
				DB535B16285AE5B000452CE2 /* NunitoSans-Italic.ttf in Resources */,
				DB535B18285AE5B000452CE2 /* NunitoSans-Bold.ttf in Resources */,
				DB02049A284DA41600834240 /* LaunchScreen.storyboard in Resources */,
				DB1A3FC62865B9470088E25C /* NewsTableViewCell.xib in Resources */,
				DB535B0F285AE5B000452CE2 /* NunitoSans-BoldItalic.ttf in Resources */,
				DB535B1F285AE5B000452CE2 /* Inter-Light.ttf in Resources */,
				DB020497284DA41600834240 /* Assets.xcassets in Resources */,
				DB0204A5284DA5F200834240 /* IntroCell.xib in Resources */,
				DB535B15285AE5B000452CE2 /* NunitoSans-SemiBoldItalic.ttf in Resources */,
				DB535B1E285AE5B000452CE2 /* Inter-Medium.ttf in Resources */,
				DB535B1B285AE5B000452CE2 /* NunitoSans-ExtraBoldItalic.ttf in Resources */,
				DB535B14285AE5B000452CE2 /* NunitoSans-Regular.ttf in Resources */,
				DB535B26285AE5B000452CE2 /* Inter-SemiBold.ttf in Resources */,
				DB535B24285AE5B000452CE2 /* Inter-ExtraLight.ttf in Resources */,
				DB535B20285AE5B000452CE2 /* Inter-Thin.ttf in Resources */,
				DB535B28285AE5B000452CE2 /* README.txt in Resources */,
				DB8725B428728DAA009C79AA /* NewsVCTableViewCell1.xib in Resources */,
				DB020495284DA41400834240 /* Main.storyboard in Resources */,
				DB1A3FCA2865B9580088E25C /* DoctorTableViewCell.xib in Resources */,
				DB535B0E285AE5B000452CE2 /* NunitoSans-LightItalic.ttf in Resources */,
				DB535B21285AE5B000452CE2 /* Inter-Bold.ttf in Resources */,
				DB535B10285AE5B000452CE2 /* NunitoSans-ExtraLight.ttf in Resources */,
				DB535B1D285AE5B000452CE2 /* Inter-VariableFont_slnt,wght.ttf in Resources */,
				DB3FCAB42866AB2D0095511B /* NewsCollectionViewCell.xib in Resources */,
				DB535B22285AE5B000452CE2 /* Inter-Regular.ttf in Resources */,
				DB535B1A285AE5B000452CE2 /* NunitoSans-Black.ttf in Resources */,
				DB535B12285AE5B000452CE2 /* NunitoSans-BlackItalic.ttf in Resources */,
				DB535B11285AE5B000452CE2 /* NunitoSans-Light.ttf in Resources */,
				DBB81AC6286C497C00D76125 /* PromotionVCTableViewCell.xib in Resources */,
				DB535B25285AE5B000452CE2 /* Inter-Black.ttf in Resources */,
				DB3FCAB02866AB190095511B /* DoctorCollectionViewCell.xib in Resources */,
			);
			runOnlyForDeploymentPostprocessing = 0;
		};
/* End PBXResourcesBuildPhase section */

/* Begin PBXShellScriptBuildPhase section */
		3C7DD7E13637FA2B7E98CC5B /* [CP] Embed Pods Frameworks */ = {
			isa = PBXShellScriptBuildPhase;
			buildActionMask = 2147483647;
			files = (
			);
			inputFileListPaths = (
				"${PODS_ROOT}/Target Support Files/Pods-App_Intern_basic/Pods-App_Intern_basic-frameworks-${CONFIGURATION}-input-files.xcfilelist",
			);
			name = "[CP] Embed Pods Frameworks";
			outputFileListPaths = (
				"${PODS_ROOT}/Target Support Files/Pods-App_Intern_basic/Pods-App_Intern_basic-frameworks-${CONFIGURATION}-output-files.xcfilelist",
			);
			runOnlyForDeploymentPostprocessing = 0;
			shellPath = /bin/sh;
			shellScript = "\"${PODS_ROOT}/Target Support Files/Pods-App_Intern_basic/Pods-App_Intern_basic-frameworks.sh\"\n";
			showEnvVarsInLog = 0;
		};
		4A67545D432B8E6B90E84B7F /* [CP] Check Pods Manifest.lock */ = {
			isa = PBXShellScriptBuildPhase;
			buildActionMask = 2147483647;
			files = (
			);
			inputFileListPaths = (
			);
			inputPaths = (
				"${PODS_PODFILE_DIR_PATH}/Podfile.lock",
				"${PODS_ROOT}/Manifest.lock",
			);
			name = "[CP] Check Pods Manifest.lock";
			outputFileListPaths = (
			);
			outputPaths = (
				"$(DERIVED_FILE_DIR)/Pods-App_Intern_basic-checkManifestLockResult.txt",
			);
			runOnlyForDeploymentPostprocessing = 0;
			shellPath = /bin/sh;
			shellScript = "diff \"${PODS_PODFILE_DIR_PATH}/Podfile.lock\" \"${PODS_ROOT}/Manifest.lock\" > /dev/null\nif [ $? != 0 ] ; then\n    # print error to STDERR\n    echo \"error: The sandbox is not in sync with the Podfile.lock. Run 'pod install' or update your CocoaPods installation.\" >&2\n    exit 1\nfi\n# This output is used by Xcode 'outputs' to avoid re-running this script phase.\necho \"SUCCESS\" > \"${SCRIPT_OUTPUT_FILE_0}\"\n";
			showEnvVarsInLog = 0;
		};
/* End PBXShellScriptBuildPhase section */

/* Begin PBXSourcesBuildPhase section */
		DB020486284DA41400834240 /* Sources */ = {
			isa = PBXSourcesBuildPhase;
			buildActionMask = 2147483647;
			files = (
				DBB81AC5286C497C00D76125 /* PromotionVCTableViewCell.swift in Sources */,
				DB787FD3286AE91900CA2879 /* NSMutableAttributedString.swift in Sources */,
				DB0204CC2858EBD300834240 /* OtpViewController.swift in Sources */,
				DB8725B328728DAA009C79AA /* NewsVCTableViewCell1.swift in Sources */,
				DB8725B62872F01A009C79AA /* DoctorViewController.swift in Sources */,
				DB8725C12873D84F009C79AA /* DetailsViewController.swift in Sources */,
				DB3FCAB32866AB2D0095511B /* NewsCollectionViewCell.swift in Sources */,
				DB787FCC2869924300CA2879 /* DoctorHomeModel.swift in Sources */,
				DB787FC02866CDE000CA2879 /* View.swift in Sources */,
				DB8DC05A28743C0C007696B6 /* UserInfoViewController.swift in Sources */,
				DBB81AC2286C079B00D76125 /* PromotionViewController.swift in Sources */,
				DB787FD9286B088100CA2879 /* BaseViewController.swift in Sources */,
				DB787FD6286B080200CA2879 /* ProgressHUB.swift in Sources */,
				DB787FC528698FB900CA2879 /* ApiUtilities.swift in Sources */,
				DB787FC828698FE800CA2879 /* HomeTabModel.swift in Sources */,
				DB8725AC28728967009C79AA /* NewsViewController.swift in Sources */,
				DB0204C7284DEF4C00834240 /* Constants.swift in Sources */,
				DB3FCAAF2866AB190095511B /* DoctorCollectionViewCell.swift in Sources */,
				DB787FCF2869927C00CA2879 /* PromotionHomeModel.swift in Sources */,
				DB787FD1286995F200CA2879 /* Ultilities.swift in Sources */,
				DB1A3FC52865B9470088E25C /* NewsTableViewCell.swift in Sources */,
				DB020492284DA41400834240 /* IntroViewController.swift in Sources */,
				DB8725BF2872F98F009C79AA /* DoctorVCModel.swift in Sources */,
				DB0204CA2851948E00834240 /* PhoneViewController.swift in Sources */,
				DB1A3FB6285F927B0088E25C /* CustomTextField.swift in Sources */,
				DB1A3FC92865B9580088E25C /* DoctorTableViewCell.swift in Sources */,
				DB1A3FB8286307DA0088E25C /* HomeViewController.swift in Sources */,
				DB8725AF28728B71009C79AA /* NewsVCModel.swift in Sources */,
				DB02048E284DA41400834240 /* AppDelegate.swift in Sources */,
				DB0204A4284DA5F200834240 /* IntroCell.swift in Sources */,
				DB8725AA286C5286009C79AA /* PromotionVcModel.swift in Sources */,
				DB8725BB2872F137009C79AA /* DoctorVCTableViewCell.swift in Sources */,
				DB020490284DA41400834240 /* SceneDelegate.swift in Sources */,
				DB8DC05F28752CB2007696B6 /* UserModel.swift in Sources */,
				DB787FCA286990CE00CA2879 /* ArticleHomeModel.swift in Sources */,
			);
			runOnlyForDeploymentPostprocessing = 0;
		};
/* End PBXSourcesBuildPhase section */

/* Begin PBXVariantGroup section */
		DB020493284DA41400834240 /* Main.storyboard */ = {
			isa = PBXVariantGroup;
			children = (
				DB020494284DA41400834240 /* Base */,
			);
			name = Main.storyboard;
			sourceTree = "<group>";
		};
		DB020498284DA41600834240 /* LaunchScreen.storyboard */ = {
			isa = PBXVariantGroup;
			children = (
				DB020499284DA41600834240 /* Base */,
			);
			name = LaunchScreen.storyboard;
			sourceTree = "<group>";
		};
/* End PBXVariantGroup section */

/* Begin XCBuildConfiguration section */
		DB02049C284DA41600834240 /* Debug */ = {
			isa = XCBuildConfiguration;
			buildSettings = {
				ALWAYS_SEARCH_USER_PATHS = NO;
				CLANG_ANALYZER_NONNULL = YES;
				CLANG_ANALYZER_NUMBER_OBJECT_CONVERSION = YES_AGGRESSIVE;
				CLANG_CXX_LANGUAGE_STANDARD = "gnu++17";
				CLANG_ENABLE_MODULES = YES;
				CLANG_ENABLE_OBJC_ARC = YES;
				CLANG_ENABLE_OBJC_WEAK = YES;
				CLANG_WARN_BLOCK_CAPTURE_AUTORELEASING = YES;
				CLANG_WARN_BOOL_CONVERSION = YES;
				CLANG_WARN_COMMA = YES;
				CLANG_WARN_CONSTANT_CONVERSION = YES;
				CLANG_WARN_DEPRECATED_OBJC_IMPLEMENTATIONS = YES;
				CLANG_WARN_DIRECT_OBJC_ISA_USAGE = YES_ERROR;
				CLANG_WARN_DOCUMENTATION_COMMENTS = YES;
				CLANG_WARN_EMPTY_BODY = YES;
				CLANG_WARN_ENUM_CONVERSION = YES;
				CLANG_WARN_INFINITE_RECURSION = YES;
				CLANG_WARN_INT_CONVERSION = YES;
				CLANG_WARN_NON_LITERAL_NULL_CONVERSION = YES;
				CLANG_WARN_OBJC_IMPLICIT_RETAIN_SELF = YES;
				CLANG_WARN_OBJC_LITERAL_CONVERSION = YES;
				CLANG_WARN_OBJC_ROOT_CLASS = YES_ERROR;
				CLANG_WARN_QUOTED_INCLUDE_IN_FRAMEWORK_HEADER = YES;
				CLANG_WARN_RANGE_LOOP_ANALYSIS = YES;
				CLANG_WARN_STRICT_PROTOTYPES = YES;
				CLANG_WARN_SUSPICIOUS_MOVE = YES;
				CLANG_WARN_UNGUARDED_AVAILABILITY = YES_AGGRESSIVE;
				CLANG_WARN_UNREACHABLE_CODE = YES;
				CLANG_WARN__DUPLICATE_METHOD_MATCH = YES;
				COPY_PHASE_STRIP = NO;
				DEBUG_INFORMATION_FORMAT = dwarf;
				ENABLE_STRICT_OBJC_MSGSEND = YES;
				ENABLE_TESTABILITY = YES;
				GCC_C_LANGUAGE_STANDARD = gnu11;
				GCC_DYNAMIC_NO_PIC = NO;
				GCC_NO_COMMON_BLOCKS = YES;
				GCC_OPTIMIZATION_LEVEL = 0;
				GCC_PREPROCESSOR_DEFINITIONS = (
					"DEBUG=1",
					"$(inherited)",
				);
				GCC_WARN_64_TO_32_BIT_CONVERSION = YES;
				GCC_WARN_ABOUT_RETURN_TYPE = YES_ERROR;
				GCC_WARN_UNDECLARED_SELECTOR = YES;
				GCC_WARN_UNINITIALIZED_AUTOS = YES_AGGRESSIVE;
				GCC_WARN_UNUSED_FUNCTION = YES;
				GCC_WARN_UNUSED_VARIABLE = YES;
				IPHONEOS_DEPLOYMENT_TARGET = 15.4;
				MTL_ENABLE_DEBUG_INFO = INCLUDE_SOURCE;
				MTL_FAST_MATH = YES;
				ONLY_ACTIVE_ARCH = YES;
				SDKROOT = iphoneos;
				SWIFT_ACTIVE_COMPILATION_CONDITIONS = DEBUG;
				SWIFT_OPTIMIZATION_LEVEL = "-Onone";
			};
			name = Debug;
		};
		DB02049D284DA41600834240 /* Release */ = {
			isa = XCBuildConfiguration;
			buildSettings = {
				ALWAYS_SEARCH_USER_PATHS = NO;
				CLANG_ANALYZER_NONNULL = YES;
				CLANG_ANALYZER_NUMBER_OBJECT_CONVERSION = YES_AGGRESSIVE;
				CLANG_CXX_LANGUAGE_STANDARD = "gnu++17";
				CLANG_ENABLE_MODULES = YES;
				CLANG_ENABLE_OBJC_ARC = YES;
				CLANG_ENABLE_OBJC_WEAK = YES;
				CLANG_WARN_BLOCK_CAPTURE_AUTORELEASING = YES;
				CLANG_WARN_BOOL_CONVERSION = YES;
				CLANG_WARN_COMMA = YES;
				CLANG_WARN_CONSTANT_CONVERSION = YES;
				CLANG_WARN_DEPRECATED_OBJC_IMPLEMENTATIONS = YES;
				CLANG_WARN_DIRECT_OBJC_ISA_USAGE = YES_ERROR;
				CLANG_WARN_DOCUMENTATION_COMMENTS = YES;
				CLANG_WARN_EMPTY_BODY = YES;
				CLANG_WARN_ENUM_CONVERSION = YES;
				CLANG_WARN_INFINITE_RECURSION = YES;
				CLANG_WARN_INT_CONVERSION = YES;
				CLANG_WARN_NON_LITERAL_NULL_CONVERSION = YES;
				CLANG_WARN_OBJC_IMPLICIT_RETAIN_SELF = YES;
				CLANG_WARN_OBJC_LITERAL_CONVERSION = YES;
				CLANG_WARN_OBJC_ROOT_CLASS = YES_ERROR;
				CLANG_WARN_QUOTED_INCLUDE_IN_FRAMEWORK_HEADER = YES;
				CLANG_WARN_RANGE_LOOP_ANALYSIS = YES;
				CLANG_WARN_STRICT_PROTOTYPES = YES;
				CLANG_WARN_SUSPICIOUS_MOVE = YES;
				CLANG_WARN_UNGUARDED_AVAILABILITY = YES_AGGRESSIVE;
				CLANG_WARN_UNREACHABLE_CODE = YES;
				CLANG_WARN__DUPLICATE_METHOD_MATCH = YES;
				COPY_PHASE_STRIP = NO;
				DEBUG_INFORMATION_FORMAT = "dwarf-with-dsym";
				ENABLE_NS_ASSERTIONS = NO;
				ENABLE_STRICT_OBJC_MSGSEND = YES;
				GCC_C_LANGUAGE_STANDARD = gnu11;
				GCC_NO_COMMON_BLOCKS = YES;
				GCC_WARN_64_TO_32_BIT_CONVERSION = YES;
				GCC_WARN_ABOUT_RETURN_TYPE = YES_ERROR;
				GCC_WARN_UNDECLARED_SELECTOR = YES;
				GCC_WARN_UNINITIALIZED_AUTOS = YES_AGGRESSIVE;
				GCC_WARN_UNUSED_FUNCTION = YES;
				GCC_WARN_UNUSED_VARIABLE = YES;
				IPHONEOS_DEPLOYMENT_TARGET = 15.4;
				MTL_ENABLE_DEBUG_INFO = NO;
				MTL_FAST_MATH = YES;
				SDKROOT = iphoneos;
				SWIFT_COMPILATION_MODE = wholemodule;
				SWIFT_OPTIMIZATION_LEVEL = "-O";
				VALIDATE_PRODUCT = YES;
			};
			name = Release;
		};
		DB02049F284DA41600834240 /* Debug */ = {
			isa = XCBuildConfiguration;
			baseConfigurationReference = 2DDE6EE545B1DBC390289973 /* Pods-App_Intern_basic.debug.xcconfig */;
			buildSettings = {
				ASSETCATALOG_COMPILER_APPICON_NAME = AppIcon;
				ASSETCATALOG_COMPILER_GLOBAL_ACCENT_COLOR_NAME = AccentColor;
				CODE_SIGN_STYLE = Automatic;
				CURRENT_PROJECT_VERSION = 1;
				DEVELOPMENT_TEAM = B4BC8HDV6U;
				GENERATE_INFOPLIST_FILE = YES;
				INFOPLIST_FILE = App_Intern_basic/Resource/Info.plist;
				INFOPLIST_KEY_UIApplicationSupportsIndirectInputEvents = YES;
				INFOPLIST_KEY_UILaunchStoryboardName = LaunchScreen;
				INFOPLIST_KEY_UIMainStoryboardFile = Main;
				INFOPLIST_KEY_UISupportedInterfaceOrientations_iPad = "UIInterfaceOrientationPortrait UIInterfaceOrientationPortraitUpsideDown UIInterfaceOrientationLandscapeLeft UIInterfaceOrientationLandscapeRight";
				INFOPLIST_KEY_UISupportedInterfaceOrientations_iPhone = "UIInterfaceOrientationPortrait UIInterfaceOrientationLandscapeLeft UIInterfaceOrientationLandscapeRight";
				IPHONEOS_DEPLOYMENT_TARGET = 13.0;
				LD_RUNPATH_SEARCH_PATHS = (
					"$(inherited)",
					"@executable_path/Frameworks",
				);
				MARKETING_VERSION = 1.0;
				PRODUCT_BUNDLE_IDENTIFIER = "Hoang-Long.App-Intern-basic";
				PRODUCT_NAME = "$(TARGET_NAME)";
				SWIFT_EMIT_LOC_STRINGS = YES;
				SWIFT_VERSION = 5.0;
				TARGETED_DEVICE_FAMILY = "1,2";
			};
			name = Debug;
		};
		DB0204A0284DA41600834240 /* Release */ = {
			isa = XCBuildConfiguration;
			baseConfigurationReference = 091EB180DAD8D275D60B1673 /* Pods-App_Intern_basic.release.xcconfig */;
			buildSettings = {
				ASSETCATALOG_COMPILER_APPICON_NAME = AppIcon;
				ASSETCATALOG_COMPILER_GLOBAL_ACCENT_COLOR_NAME = AccentColor;
				CODE_SIGN_IDENTITY = "Apple Development";
				CODE_SIGN_STYLE = Automatic;
				CURRENT_PROJECT_VERSION = 1;
				DEVELOPMENT_TEAM = B4BC8HDV6U;
				GENERATE_INFOPLIST_FILE = YES;
				INFOPLIST_FILE = App_Intern_basic/Resource/Info.plist;
				INFOPLIST_KEY_UIApplicationSupportsIndirectInputEvents = YES;
				INFOPLIST_KEY_UILaunchStoryboardName = LaunchScreen;
				INFOPLIST_KEY_UIMainStoryboardFile = Main;
				INFOPLIST_KEY_UISupportedInterfaceOrientations_iPad = "UIInterfaceOrientationPortrait UIInterfaceOrientationPortraitUpsideDown UIInterfaceOrientationLandscapeLeft UIInterfaceOrientationLandscapeRight";
				INFOPLIST_KEY_UISupportedInterfaceOrientations_iPhone = "UIInterfaceOrientationPortrait UIInterfaceOrientationLandscapeLeft UIInterfaceOrientationLandscapeRight";
				IPHONEOS_DEPLOYMENT_TARGET = 13.0;
				LD_RUNPATH_SEARCH_PATHS = (
					"$(inherited)",
					"@executable_path/Frameworks",
				);
				MARKETING_VERSION = 1.0;
				PRODUCT_BUNDLE_IDENTIFIER = "Hoang-Long.App-Intern-basic";
				PRODUCT_NAME = "$(TARGET_NAME)";
				PROVISIONING_PROFILE_SPECIFIER = "";
				SWIFT_EMIT_LOC_STRINGS = YES;
				SWIFT_VERSION = 5.0;
				TARGETED_DEVICE_FAMILY = "1,2";
			};
			name = Release;
		};
/* End XCBuildConfiguration section */

/* Begin XCConfigurationList section */
		DB020485284DA41400834240 /* Build configuration list for PBXProject "App_Intern_basic" */ = {
			isa = XCConfigurationList;
			buildConfigurations = (
				DB02049C284DA41600834240 /* Debug */,
				DB02049D284DA41600834240 /* Release */,
			);
			defaultConfigurationIsVisible = 0;
			defaultConfigurationName = Release;
		};
		DB02049E284DA41600834240 /* Build configuration list for PBXNativeTarget "App_Intern_basic" */ = {
			isa = XCConfigurationList;
			buildConfigurations = (
				DB02049F284DA41600834240 /* Debug */,
				DB0204A0284DA41600834240 /* Release */,
			);
			defaultConfigurationIsVisible = 0;
			defaultConfigurationName = Release;
		};
/* End XCConfigurationList section */
	};
	rootObject = DB020482284DA41400834240 /* Project object */;
}
